# This file was autogenerated by Stack.
# You should not edit this file by hand.
# For more information, please see the documentation at:
#   https://docs.haskellstack.org/en/stable/lock_files

packages:
- completed:
    hackage: multiset-0.3.4@sha256:a82739a88411afb4a8b0d4d24a89038e7e6f7291e5721816bfbfa8138498fd54,1209
    pantry-tree:
      size: 430
      sha256: 9392bdec27f49d0426bbc7d739ab252e6fdc4e3c947977177142b99300a26b34
  original:
    hackage: multiset-0.3.4
- completed:
    hackage: union-find-array-0.1.0.2@sha256:38c2dfbae3de48d8962f202ec5c4d6323ac767d6838b85e8d340c3608d6c0f21,1406
    pantry-tree:
      size: 482
      sha256: e2f321041a1a777752f31bfe8d3bcf5f68d2d3ead2263560883e9610af719437
  original:
    hackage: union-find-array-0.1.0.2
- completed:
    hackage: term-rewriting-0.2.1.1@sha256:77e1e14ef26fbf06c2d8f53bf9e771b6d45194867354b79b5247e714b0befa4a,2606
    pantry-tree:
      size: 2620
      sha256: 7c5809d796f9efeff9a628588b7c984e8052b9a9898ad4e79af0c08f3dd8d042
  original:
    hackage: term-rewriting-0.2.1.1
- completed:
    hackage: jukebox-0.3.7@sha256:5cbddff1dd58ab34128fbc0689cadeb03df135e28f8c3e6bfa8ced3c91acffdd,2225
    pantry-tree:
      size: 2236
      sha256: eb56f51a67d919dbb63d8c6b1e34dcd09b32567b4fe55f789523fa825c558eec
  original:
    hackage: jukebox-0.3.7
- completed:
    hackage: twee-lib-2.1.5@sha256:a53e079a85c3aacb9e506ad1fe1c66bcd0bc66721e84900f78470ed5cbc8bf01,2310
    pantry-tree:
      size: 1533
      sha256: ac633287d183a69fcc18fd6ba87f4e06f65a713d16d9f1764331f93569766023
  original:
    hackage: twee-lib-2.1.5
- completed:
    hackage: minisat-0.1.2@sha256:1ab39be6c6cdbf35f6c98f64ddb39bf078e77814c0e086d73a14ff2e703a8942,1145
    pantry-tree:
      size: 1994
      sha256: 5e2b851845b28189d32ce13fb3281fdac1b9041af40d86734096824c433061fe
  original:
    hackage: minisat-0.1.2
- completed:
    hackage: PropLogic-0.9.0.4@sha256:445319a0ceb4e94520d7eff11b2e049e507795246bdbbdf593457bd11ec69cc4,1072
    pantry-tree:
      size: 599
      sha256: bcc092944daafb1458f1d0a26f09ef90b4fdfb7ea1437524668fe9bb231108b1
  original:
    hackage: PropLogic-0.9.0.4
- completed:
    hackage: fgl-5.6.0.0@sha256:e068fbadbefeb7dba1c433e8bba9402c753566a24c4e3cdbfdfe656d58b8259f,3595
    pantry-tree:
      size: 2748
      sha256: 1710af15f11a804ed78e9af2107199836f2a800208df587684bf6357b8d2e7c1
  original:
    hackage: fgl-5.6.0.0
snapshots:
- completed:
    size: 499178
    url: https://raw.githubusercontent.com/commercialhaskell/stackage-snapshots/master/lts/12/0.yaml
    sha256: 3e9a7b96708cd9196ce7e5396143725097a71f2e9ca8dc19f03f5082642bc1b5
  original: lts-12.0
